PODS:
  - AFNetworking (2.6.3):
    - AFNetworking/NSURLConnection (= 2.6.3)
    - AFNetworking/NSURLSession (= 2.6.3)
    - AFNetworking/Reachability (= 2.6.3)
    - AFNetworking/Security (= 2.6.3)
    - AFNetworking/Serialization (= 2.6.3)
    - AFNetworking/UIKit (= 2.6.3)
  - AFNetworking/NSURLConnection (2.6.3):
    - AFNetworking/Reachability
    - AFNetworking/Security
    - AFNetworking/Serialization
  - AFNetworking/NSURLSession (2.6.3):
    - AFNetworking/Reachability
    - AFNetworking/Security
    - AFNetworking/Serialization
  - AFNetworking/Reachability (2.6.3)
  - AFNetworking/Security (2.6.3)
  - AFNetworking/Serialization (2.6.3)
  - AFNetworking/UIKit (2.6.3):
    - AFNetworking/NSURLConnection
    - AFNetworking/NSURLSession
  - GTMBase64 (1.0.0)
  - HappyDNS (0.3.5)
  - ImagePlayerView (2.0.0)
  - JPush-iOS-SDK (2.1.7)
  - Mantle (2.0.7):
    - Mantle/extobjc (= 2.0.7)
  - Mantle/extobjc (2.0.7)
  - Masonry (1.0.1)
  - PopoverView (0.0.2)
  - Qiniu (7.0.20):
    - AFNetworking (~> 2.0)
    - HappyDNS (~> 0.3)
  - SDWebImage (3.8.1):
    - SDWebImage/Core (= 3.8.1)
  - SDWebImage/Core (3.8.1)
  - SVProgressHUD (2.0.3)

DEPENDENCIES:
  - GTMBase64
  - ImagePlayerView
  - JPush-iOS-SDK
  - Mantle
  - Masonry
  - PopoverView
  - Qiniu
  - SDWebImage
  - SVProgressHUD

SPEC CHECKSUMS:
  AFNetworking: cb8d14a848e831097108418f5d49217339d4eb60
  GTMBase64: 0da7372e95f5171f3f652db38cde6716f8eb5e24
  HappyDNS: 6f8cf46fa7c0b98a6591fe8ecb2e08d9907a6e8b
  ImagePlayerView: 6e533eb9952c9fb706e02cca3b49699c3dd619b9
  JPush-iOS-SDK: 9aa75a93ed65c052dae801d98fcfa79873021aa3
  Mantle: bc40bb061d8c2c6fb48d5083e04d928c3b7f73d9
  Masonry: a1a931a0d08870ed8ae415a2ea5ea68ebcac77df
  PopoverView: 62e83ffda75944d6cf2de9c6593489f3097dc1a3
  Qiniu: 8958e70c02fb563c8c04d555bb5041441c5f4216
  SDWebImage: 35f9627a3e44b4f292a8a8ce6a531fa488239b91
  SVProgressHUD: b0830714205bea1317ea1a2ebc71e5633af334d4

PODFILE CHECKSUM: 498593eeee662b2a8aa02ec218fca3d7398f3815

COCOAPODS: 1.0.1
